
Microsoft Visual Studio Solution File, Format Version 12.00
Project("{2150E333-8FDC-42A3-9474-1A3956D46DE8}") = "src", "src", "{57EB4560-4867-4828-85BB-B6FD684D56E5}"
EndProject
Project("{2150E333-8FDC-42A3-9474-1A3956D46DE8}") = "tests", "tests", "{F2351A54-27E3-4409-B8DE-8A09CA7446CB}"
EndProject
Project("{FAE04EC0-301F-11D3-BF4B-00C04F79EFBC}") = "Miranium.Common", "src\Miranium.Common\Miranium.Common.csproj", "{A6A1FCA6-4DB3-437D-8F56-00590D0F87D5}"
EndProject
Project("{FAE04EC0-301F-11D3-BF4B-00C04F79EFBC}") = "Miranium.Node", "src\Miranium.Node\Miranium.Node.csproj", "{7B86EEF8-34EB-4D74-B899-DCB6CFFD3178}"
EndProject
Project("{FAE04EC0-301F-11D3-BF4B-00C04F79EFBC}") = "Miranium.NodeLogics", "src\Miranium.NodeLogics\Miranium.NodeLogics.csproj", "{4EAAEB81-1B7E-4DAA-B4AB-F7CC95C35EBC}"
EndProject
Project("{FAE04EC0-301F-11D3-BF4B-00C04F79EFBC}") = "Miranium.Blockchain", "src\Miranium.Blockchain\Miranium.Blockchain.csproj", "{8ED74A22-3B4F-4335-A7F2-0466252E146A}"
EndProject
Project("{FAE04EC0-301F-11D3-BF4B-00C04F79EFBC}") = "Miranium.Test.Blockchain", "tests\Miranium.Test.Blockchain\Miranium.Test.Blockchain.csproj", "{2C3CFCFA-20AD-4E3A-821B-6F339DF71E9F}"
EndProject
Project("{FAE04EC0-301F-11D3-BF4B-00C04F79EFBC}") = "Miranium.Wallet", "src\Miranium.Wallet\Miranium.Wallet.csproj", "{6C4B4D5E-9965-4672-B634-62FEC67E71B2}"
EndProject
Global
	GlobalSection(SolutionConfigurationPlatforms) = preSolution
		Debug|Any CPU = Debug|Any CPU
		Release|Any CPU = Release|Any CPU
	EndGlobalSection
	GlobalSection(NestedProjects) = preSolution
		{A6A1FCA6-4DB3-437D-8F56-00590D0F87D5} = {57EB4560-4867-4828-85BB-B6FD684D56E5}
		{7B86EEF8-34EB-4D74-B899-DCB6CFFD3178} = {57EB4560-4867-4828-85BB-B6FD684D56E5}
		{4EAAEB81-1B7E-4DAA-B4AB-F7CC95C35EBC} = {57EB4560-4867-4828-85BB-B6FD684D56E5}
		{8ED74A22-3B4F-4335-A7F2-0466252E146A} = {57EB4560-4867-4828-85BB-B6FD684D56E5}
		{2C3CFCFA-20AD-4E3A-821B-6F339DF71E9F} = {F2351A54-27E3-4409-B8DE-8A09CA7446CB}
		{6C4B4D5E-9965-4672-B634-62FEC67E71B2} = {57EB4560-4867-4828-85BB-B6FD684D56E5}
	EndGlobalSection
	GlobalSection(ProjectConfigurationPlatforms) = postSolution
		{A6A1FCA6-4DB3-437D-8F56-00590D0F87D5}.Debug|Any CPU.ActiveCfg = Debug|Any CPU
		{A6A1FCA6-4DB3-437D-8F56-00590D0F87D5}.Debug|Any CPU.Build.0 = Debug|Any CPU
		{A6A1FCA6-4DB3-437D-8F56-00590D0F87D5}.Release|Any CPU.ActiveCfg = Release|Any CPU
		{A6A1FCA6-4DB3-437D-8F56-00590D0F87D5}.Release|Any CPU.Build.0 = Release|Any CPU
		{7B86EEF8-34EB-4D74-B899-DCB6CFFD3178}.Debug|Any CPU.ActiveCfg = Debug|Any CPU
		{7B86EEF8-34EB-4D74-B899-DCB6CFFD3178}.Debug|Any CPU.Build.0 = Debug|Any CPU
		{7B86EEF8-34EB-4D74-B899-DCB6CFFD3178}.Release|Any CPU.ActiveCfg = Release|Any CPU
		{7B86EEF8-34EB-4D74-B899-DCB6CFFD3178}.Release|Any CPU.Build.0 = Release|Any CPU
		{4EAAEB81-1B7E-4DAA-B4AB-F7CC95C35EBC}.Debug|Any CPU.ActiveCfg = Debug|Any CPU
		{4EAAEB81-1B7E-4DAA-B4AB-F7CC95C35EBC}.Debug|Any CPU.Build.0 = Debug|Any CPU
		{4EAAEB81-1B7E-4DAA-B4AB-F7CC95C35EBC}.Release|Any CPU.ActiveCfg = Release|Any CPU
		{4EAAEB81-1B7E-4DAA-B4AB-F7CC95C35EBC}.Release|Any CPU.Build.0 = Release|Any CPU
		{8ED74A22-3B4F-4335-A7F2-0466252E146A}.Debug|Any CPU.ActiveCfg = Debug|Any CPU
		{8ED74A22-3B4F-4335-A7F2-0466252E146A}.Debug|Any CPU.Build.0 = Debug|Any CPU
		{8ED74A22-3B4F-4335-A7F2-0466252E146A}.Release|Any CPU.ActiveCfg = Release|Any CPU
		{8ED74A22-3B4F-4335-A7F2-0466252E146A}.Release|Any CPU.Build.0 = Release|Any CPU
		{2C3CFCFA-20AD-4E3A-821B-6F339DF71E9F}.Debug|Any CPU.ActiveCfg = Debug|Any CPU
		{2C3CFCFA-20AD-4E3A-821B-6F339DF71E9F}.Debug|Any CPU.Build.0 = Debug|Any CPU
		{2C3CFCFA-20AD-4E3A-821B-6F339DF71E9F}.Release|Any CPU.ActiveCfg = Release|Any CPU
		{2C3CFCFA-20AD-4E3A-821B-6F339DF71E9F}.Release|Any CPU.Build.0 = Release|Any CPU
		{6C4B4D5E-9965-4672-B634-62FEC67E71B2}.Debug|Any CPU.ActiveCfg = Debug|Any CPU
		{6C4B4D5E-9965-4672-B634-62FEC67E71B2}.Debug|Any CPU.Build.0 = Debug|Any CPU
		{6C4B4D5E-9965-4672-B634-62FEC67E71B2}.Release|Any CPU.ActiveCfg = Release|Any CPU
		{6C4B4D5E-9965-4672-B634-62FEC67E71B2}.Release|Any CPU.Build.0 = Release|Any CPU
	EndGlobalSection
EndGlobal
